{
  "R": {
    "Version": "4.6.1",
    "Repositories": [
      {
        "Name": "CRAN",
        "URL": "https://packagemanager.posit.co/cran/2026-07-01"
      }
    ]
  },
  "Packages": {
    "MASS": {
      "Package": "MASS",
      "Version": "7.3-65",
      "Source": "Repository",
      "Priority": "recommended",
      "Date": "2025-02-19",
      "Revision": "$Rev: 3681 $",
      "Depends": [
        "R (>= 4.4.0)",
        "grDevices",
        "graphics",
        "stats",
        "utils"
      ],
      "Imports": [
        "methods"
      ],
      "Suggests": [
        "lattice",
        "nlme",
        "nnet",
        "survival"
      ],
      "Authors@R": "c(person(\"Brian\", \"Ripley\", role = c(\"aut\", \"cre\", \"cph\"), email = \"Brian.Ripley@R-project.org\"), person(\"Bill\", \"Venables\", role = c(\"aut\", \"cph\")), person(c(\"Douglas\", \"M.\"), \"Bates\", role = \"ctb\"), person(\"Kurt\", \"Hornik\", role = \"trl\", comment = \"partial port ca 1998\"), person(\"Albrecht\", \"Gebhardt\", role = \"trl\", comment = \"partial port ca 1998\"), person(\"David\", \"Firth\", role = \"ctb\", comment = \"support functions for polr\"))",
      "Description": "Functions and datasets to support Venables and Ripley, \"Modern Applied Statistics with S\" (4th edition, 2002).",
      "Title": "Support Functions and Datasets for Venables and Ripley's MASS",
      "LazyData": "yes",
      "ByteCompile": "yes",
      "License": "GPL-2 | GPL-3",
      "URL": "http://www.stats.ox.ac.uk/pub/MASS4/",
      "Contact": "<MASS@stats.ox.ac.uk>",
      "NeedsCompilation": "yes",
      "Author": "Brian Ripley [aut, cre, cph], Bill Venables [aut, cph], Douglas M. Bates [ctb], Kurt Hornik [trl] (partial port ca 1998), Albrecht Gebhardt [trl] (partial port ca 1998), David Firth [ctb] (support functions for polr)",
      "Maintainer": "Brian Ripley <Brian.Ripley@R-project.org>",
      "Repository": "CRAN"
    },
    "class": {
      "Package": "class",
      "Version": "7.3-23",
      "Source": "Repository",
      "Priority": "recommended",
      "Date": "2025-01-01",
      "Depends": [
        "R (>= 3.0.0)",
        "stats",
        "utils"
      ],
      "Imports": [
        "MASS"
      ],
      "Authors@R": "c(person(\"Brian\", \"Ripley\", role = c(\"aut\", \"cre\", \"cph\"), email = \"Brian.Ripley@R-project.org\"), person(\"William\", \"Venables\", role = \"cph\"))",
      "Description": "Various functions for classification, including k-nearest neighbour, Learning Vector Quantization and Self-Organizing Maps.",
      "Title": "Functions for Classification",
      "ByteCompile": "yes",
      "License": "GPL-2 | GPL-3",
      "URL": "http://www.stats.ox.ac.uk/pub/MASS4/",
      "NeedsCompilation": "yes",
      "Author": "Brian Ripley [aut, cre, cph], William Venables [cph]",
      "Maintainer": "Brian Ripley <Brian.Ripley@R-project.org>",
      "Repository": "CRAN"
    },
    "e1071": {
      "Package": "e1071",
      "Version": "1.7-17",
      "Source": "Repository",
      "Title": "Misc Functions of the Department of Statistics, Probability Theory Group (Formerly: E1071), TU Wien",
      "Imports": [
        "graphics",
        "grDevices",
        "class",
        "stats",
        "methods",
        "utils",
        "proxy"
      ],
      "Suggests": [
        "cluster",
        "mlbench",
        "nnet",
        "randomForest",
        "rpart",
        "SparseM",
        "xtable",
        "Matrix",
        "MASS",
        "slam"
      ],
      "Authors@R": "c(person(given = \"David\", family = \"Meyer\", role = c(\"aut\", \"cre\"), email = \"David.Meyer@R-project.org\", comment = c(ORCID = \"0000-0002-5196-3048\")),     person(given = \"Evgenia\", family = \"Dimitriadou\", role = c(\"aut\",\"cph\")), person(given = \"Kurt\", family = \"Hornik\", role = \"aut\", email = \"Kurt.Hornik@R-project.org\", comment = c(ORCID = \"0000-0003-4198-9911\")), person(given = \"Andreas\", family = \"Weingessel\", role = \"aut\"), person(given = \"Friedrich\", family = \"Leisch\", role = \"aut\"), person(given = \"Chih-Chung\", family = \"Chang\", role = c(\"ctb\",\"cph\"), comment = \"libsvm C++-code\"), person(given = \"Chih-Chen\", family = \"Lin\", role = c(\"ctb\",\"cph\"), comment = \"libsvm C++-code\"))",
      "Description": "Functions for latent class analysis, short time Fourier transform, fuzzy clustering, support vector machines, shortest path computation, bagged clustering, naive Bayes classifier, generalized k-nearest neighbour ...",
      "License": "GPL-2 | GPL-3",
      "LazyLoad": "yes",
      "NeedsCompilation": "yes",
      "Author": "David Meyer [aut, cre] (ORCID: <https://orcid.org/0000-0002-5196-3048>), Evgenia Dimitriadou [aut, cph], Kurt Hornik [aut] (ORCID: <https://orcid.org/0000-0003-4198-9911>), Andreas Weingessel [aut], Friedrich Leisch [aut], Chih-Chung Chang [ctb, cph] (libsvm C++-code), Chih-Chen Lin [ctb, cph] (libsvm C++-code)",
      "Maintainer": "David Meyer <David.Meyer@R-project.org>",
      "Repository": "RSPM",
      "Encoding": "UTF-8"
    },
    "proxy": {
      "Package": "proxy",
      "Version": "0.4-29",
      "Source": "Repository",
      "Type": "Package",
      "Title": "Distance and Similarity Measures",
      "Authors@R": "c(person(given = \"David\", family = \"Meyer\", role = c(\"aut\", \"cre\"), email = \"David.Meyer@R-project.org\", comment = c(ORCID = \"0000-0002-5196-3048\")),\t     person(given = \"Christian\", family = \"Buchta\", role = \"aut\"))",
      "Description": "Provides an extensible framework for the efficient calculation of auto- and cross-proximities, along with implementations of the most popular ones.",
      "Depends": [
        "R (>= 3.4.0)"
      ],
      "Imports": [
        "stats",
        "utils"
      ],
      "Suggests": [
        "cba"
      ],
      "Collate": "registry.R database.R dist.R similarities.R dissimilarities.R util.R seal.R",
      "License": "GPL-2 | GPL-3",
      "NeedsCompilation": "yes",
      "Author": "David Meyer [aut, cre] (ORCID: <https://orcid.org/0000-0002-5196-3048>), Christian Buchta [aut]",
      "Maintainer": "David Meyer <David.Meyer@R-project.org>",
      "Repository": "RSPM",
      "Encoding": "UTF-8"
    },
    "renv": {
      "Package": "renv",
      "Version": "1.2.3",
      "Source": "Repository",
      "Type": "Package",
      "Title": "Project Environments",
      "Authors@R": "c( person(\"Kevin\", \"Ushey\", role = c(\"aut\", \"cre\"), email = \"kevin@rstudio.com\", comment = c(ORCID = \"0000-0003-2880-7407\")), person(\"Hadley\", \"Wickham\", role = c(\"aut\"), email = \"hadley@rstudio.com\", comment = c(ORCID = \"0000-0003-4757-117X\")), person(\"Posit Software, PBC\", role = c(\"cph\", \"fnd\")) )",
      "Description": "A dependency management toolkit for R. Using 'renv', you can create and manage project-local R libraries, save the state of these libraries to a 'lockfile', and later restore your library as required. Together, these tools can help make your projects more isolated, portable, and reproducible.",
      "License": "MIT + file LICENSE",
      "URL": "https://rstudio.github.io/renv/, https://github.com/rstudio/renv",
      "BugReports": "https://github.com/rstudio/renv/issues",
      "Imports": [
        "utils"
      ],
      "Suggests": [
        "BiocManager",
        "cli",
        "compiler",
        "covr",
        "cpp11",
        "curl",
        "devtools",
        "generics",
        "gitcreds",
        "jsonlite",
        "jsonvalidate",
        "knitr",
        "miniUI",
        "modules",
        "packrat",
        "pak",
        "R6",
        "remotes",
        "reticulate",
        "rmarkdown",
        "rstudioapi",
        "shiny",
        "testthat",
        "uuid",
        "waldo",
        "yaml",
        "webfakes"
      ],
      "Encoding": "UTF-8",
      "RoxygenNote": "7.3.3",
      "VignetteBuilder": "knitr",
      "Config/Needs/website": "tidyverse/tidytemplate",
      "Config/testthat/edition": "3",
      "Config/testthat/parallel": "true",
      "Config/testthat/start-first": "bioconductor,python,install,restore,snapshot,retrieve,remotes",
      "NeedsCompilation": "no",
      "Author": "Kevin Ushey [aut, cre] (ORCID: <https://orcid.org/0000-0003-2880-7407>), Hadley Wickham [aut] (ORCID: <https://orcid.org/0000-0003-4757-117X>), Posit Software, PBC [cph, fnd]",
      "Maintainer": "Kevin Ushey <kevin@rstudio.com>",
      "Repository": "RSPM"
    }
  }
}
